%{"cowboy": {:hex, :cowboy, "1.0.0"},
  "cowlib": {:hex, :cowlib, "1.0.1"},
  "phoenix": {:git, "git://github.com/phoenixframework/phoenix.git", "9d13da084bc09c94e7440be94be5fba8d33ac5ca", [ref: "9d13da084bc09c94e7440be94be5fba8d33ac5ca"]},
  "plug": {:hex, :plug, "0.9.0"},
  "poison": {:hex, :poison, "1.3.0"},
  "ranch": {:hex, :ranch, "1.0.0"}}
